github.com/tidwall/btree v0.7.1 h1:LPXN3VRIxsdMwyfbtPgOA60jLuj/eEmMpDjOh2szRPw=
github.com/tidwall/btree v0.7.1/go.mod h1:TzIRzen6yHbibdSfK6t8QimqbUnoxUSrZfeW7Uob0q4=
github.com/tidwall/match v1.1.1 h1:+Ho715JplO36QYgwN9PGYNhgZvoUSc9X2c80KVTi+GA=
github.com/tidwall/match v1.1.1/go.mod h1:eRSPERbgtNPcGhD8UCthc6PmLEQXEWd3PRB5JTxsfmM=
