github.com/tidwall/btree v0.4.2 h1:aLwwJlG+InuFzdAPuBf9YCAR1LvSQ9zhC5aorFPlIPs=
github.com/tidwall/btree v0.4.2/go.mod h1:huei1BkDWJ3/sLXmO+bsCNELL+Bp2Kks9OLyQFkzvA8=
github.com/tidwall/match v1.0.3 h1:FQUVvBImDutD8wJLN6c5eMzWtjgONK9MwIBCOrUJKeE=
github.com/tidwall/match v1.0.3/go.mod h1:eRSPERbgtNPcGhD8UCthc6PmLEQXEWd3PRB5JTxsfmM=
