# This file is autogenerated, do not edit; changes may be undone by the next 'dep ensure'.


[[projects]]
  digest = "1:d652066f4e026af1c191a28806cb3a054f1f5d47de1b895f82d4dde6635f74f8"
  name = "github.com/panjf2000/ants"
  packages = ["."]
  pruneopts = "UT"
  revision = "5bbeede0972156ea5b2be3dcf0d6219a63c5e404"

[[projects]]
  digest = "1:b71eb6ea46bd52fc536b9b88ea26aa88d23d0af779b40515433643ecd9c5940b"
  name = "github.com/tidwall/redcon"
  packages = ["."]
  pruneopts = "UT"
  revision = "56b016127ae730019c5e3073a413ad9526440c38"
  version = "v0.9.0"

[solve-meta]
  analyzer-name = "dep"
  analyzer-version = 1
  input-imports = [
    "github.com/panjf2000/ants",
    "github.com/tidwall/redcon",
  ]
  solver-name = "gps-cdcl"
  solver-version = 1
